{
    "_meta": {
        "hash": {
            "sha256": "143e5a9cff929dee7d9816af3f918917013201e74b7a8a611b3e3ec245c24336"
        },
        "pipfile-spec": 6,
        "requires": {
            "python_version": "3.6"
        },
        "sources": [
            {
                "name": "pypi",
                "url": "https://pypi.org/simple",
                "verify_ssl": true
            }
        ]
    },
    "default": {
        "parameterized": {
            "hashes": [
                "sha256:190f8cc7230eee0b56b30d7f074fd4d165f7c45e6077582d0813c8557e738490",
                "sha256:59ab908e31c01505a987a2be78854e19cb1630c047bbab7848169c371d614d56"
            ],
            "index": "pypi",
            "version": "==0.7.4"
        },
        "pyqt5": {
            "hashes": [
                "sha256:2d94ec761fb656707050c68b41958e3a9f755bb1df96c064470f4096d2899e32",
                "sha256:2f230f2dbd767099de7a0cb915abdf0cbc3256a0b5bb910eb09b99117db7a65b",
                "sha256:31b142a868152d60c6323e0527edb692fdf05fd7cb4fe2fe9ce07d1ce560221a",
                "sha256:713b9a201f5e7b2fca8691373e5d5c8c2552a51d87ca9ffbb1461e34e3241211",
                "sha256:a0bfe9fd718bca4de3e33000347e048f73126b6dc46530eb020b0251a638ee9d"
            ],
            "index": "pypi",
            "version": "==5.14.1"
        },
        "pyqt5-sip": {
            "hashes": [
                "sha256:01919371d32b26208b2f0318f1e15680d3aa60d1ced1812a5dac8bdb483fea69",
                "sha256:11f8cc2de287c3457fee53e781f06fb71f04251e7ae408ed22696ed65fd2bcf4",
                "sha256:168a6d700daf366b7cf255a8cabf8d07bfe2294859e6b3b2636c36c2f89265c9",
                "sha256:16a19b9f36985b8bff30b89fb8859d831713dd528fba5600563e36ff077960a2",
                "sha256:16a9a4daf85bfaa3aec35237ff28d8773a3ec937d9f8dc7fc3db7716de42d4a9",
                "sha256:31c74602ccd6b70e4352550eb41aa980dc1d6009444f3c8eb1b844e84bd144cf",
                "sha256:360de29634e2ce1df84d2b588bd8c1a29b768f3a5225869d63adb03bc21bd32a",
                "sha256:3cb9076ba0e574b2f026759103eb0e12051128714f5aa136cca53229d3ad72d1",
                "sha256:4f87d59d29ca1c5a4005bbec27af002be787210dc5f8f87fe5d747883a836083",
                "sha256:65fceeea2ac738a92f7e3e459ece1b4e2fbf49fd1d6b732a73d0d4bcfc434452",
                "sha256:85e68b8936f1756060ddcb3ef0a84af78ce89993fa6594b3049a0eca53d6d2fa",
                "sha256:9dd5769e83e64d017d02981563c8159d825425b6c4998c937a880888f4dcb7a3",
                "sha256:a8a6c0512641fc042726b6253b2d5f3f3f800098334d198d8ebdf337d85ab3d7",
                "sha256:b068f4791e97427d82a27e7df28cc3ee33f7e4353f48ed6a123f8cdba44266b2",
                "sha256:b34c1f227a8f8e97059f20e5424f117f66a302b42e34d4039158494c6371b1ce",
                "sha256:b68cfe632a512c0551e8860f35c1fcab5cd1ad5e168b4814fddd88121f447b0a",
                "sha256:df4f5cdb86f47df5f6fc35be29cc45df7b5a2c171d07dbf377d558b226554ea3"
            ],
            "version": "==12.7.2"
        }
    },
    "develop": {}
}
